# This file is automatically @generated by Poetry and should not be changed by hand.

[[package]]
name = "atomicwrites"
version = "1.3.0"
description = "Atomic file writes."
category = "dev"
optional = false
python-versions = ">=2.7, !=3.0.*, !=3.1.*, !=3.2.*, !=3.3.*"
files = [
    {file = "atomicwrites-1.3.0-py2.py3-none-any.whl", hash = "sha256:03472c30eb2c5d1ba9227e4c2ca66ab8287fbfbbda3888aa93dc2e28fc6811b4"},
    {file = "atomicwrites-1.3.0.tar.gz", hash = "sha256:75a9445bac02d8d058d5e1fe689654ba5a6556a1dfd8ce6ec55a0ed79866cfa6"},
]

[[package]]
name = "attrs"
version = "19.2.0"
description = "Classes Without Boilerplate"
category = "dev"
optional = false
python-versions = ">=2.7, !=3.0.*, !=3.1.*, !=3.2.*, !=3.3.*"
files = [
    {file = "attrs-19.2.0-py2.py3-none-any.whl", hash = "sha256:ec20e7a4825331c1b5ebf261d111e16fa9612c1f7a5e1f884f12bd53a664dfd2"},
    {file = "attrs-19.2.0.tar.gz", hash = "sha256:f913492e1663d3c36f502e5e9ba6cd13cf19d7fab50aa13239e420fef95e1396"},
]

[package.extras]
azure-pipelines = ["coverage", "hypothesis", "pympler", "pytest (>=4.3.0)", "pytest-azurepipelines", "six", "zope.interface"]
dev = ["coverage", "hypothesis", "pre-commit", "pympler", "pytest (>=4.3.0)", "six", "sphinx", "zope.interface"]
docs = ["sphinx", "zope.interface"]
tests = ["coverage", "hypothesis", "pympler", "pytest (>=4.3.0)", "six", "zope.interface"]

[[package]]
name = "colorama"
version = "0.4.1"
description = "Cross-platform colored terminal text."
category = "dev"
optional = false
python-versions = ">=2.7, !=3.0.*, !=3.1.*, !=3.2.*, !=3.3.*"
files = [
    {file = "colorama-0.4.1-py2.py3-none-any.whl", hash = "sha256:f8ac84de7840f5b9c4e3347b3c1eaa50f7e49c2b07596221daec5edaabbd7c48"},
    {file = "colorama-0.4.1.tar.gz", hash = "sha256:05eed71e2e327246ad6b38c540c4a3117230b19679b875190486ddd2d721422d"},
]

[[package]]
name = "django"
version = "2.2.6"
description = "A high-level Python Web framework that encourages rapid development and clean, pragmatic design."
category = "main"
optional = false
python-versions = ">=3.5"
files = [
    {file = "Django-2.2.6-py3-none-any.whl", hash = "sha256:4025317ca01f75fc79250ff7262a06d8ba97cd4f82e93394b2a0a6a4a925caeb"},
    {file = "Django-2.2.6.tar.gz", hash = "sha256:a8ca1033acac9f33995eb2209a6bf18a4681c3e5269a878e9a7e0b7384ed1ca3"},
]

[package.dependencies]
pytz = "*"
sqlparse = "*"

[package.extras]
argon2 = ["argon2-cffi (>=16.1.0)"]
bcrypt = ["bcrypt"]

[[package]]
name = "django-configurations"
version = "2.3.2"
description = "A helper for organizing Django settings."
category = "dev"
optional = false
python-versions = ">=3.6, <4.0"
files = [
    {file = "django-configurations-2.3.2.tar.gz", hash = "sha256:bd1a77a60735839b7d105912cc3977735fa005ea06544c632fbd322d1e021677"},
    {file = "django_configurations-2.3.2-py3-none-any.whl", hash = "sha256:c0363b0111df6536442186d0f23d12138390eaa9f4f97ce46950ee78856a46c9"},
]

[package.dependencies]
django = ">=2.2"
importlib-metadata = {version = "*", markers = "python_version < \"3.8\""}

[package.extras]
cache = ["django-cache-url"]
database = ["dj-database-url"]
email = ["dj-email-url"]
search = ["dj-search-url"]
testing = ["dj-database-url", "dj-email-url", "dj-search-url", "django-cache-url (>=1.0.0)"]

[[package]]
name = "django-ipware"
version = "2.1.0"
description = "A Django utility application that returns client's real IP address"
category = "main"
optional = false
python-versions = "*"
files = [
    {file = "django-ipware-2.1.0.tar.gz", hash = "sha256:a7c7a8fd019dbdc9c357e6e582f65034e897572fc79a7e467674efa8aef9d00b"},
]

[[package]]
name = "django-otp"
version = "0.4.3"
description = "A pluggable framework for adding two-factor authentication to Django using one-time passwords."
category = "main"
optional = false
python-versions = "*"
files = [
    {file = "django-otp-0.4.3.tar.gz", hash = "sha256:fd9e787779c053ba77e47a6907539c01e8db41b09f99722793317ed9a4183b32"},
    {file = "django_otp-0.4.3-py2.py3-none-any.whl", hash = "sha256:0016baa0f11544aa3a709d1b4fca13d607397ae41025bdc4fdb8a7e80a39973c"},
]

[package.dependencies]
django = ">=1.8"

[package.extras]
qrcode = ["qrcode"]

[[package]]
name = "django-user-agents"
version = "0.3.2"
description = "A django package that allows easy identification of visitors' browser, operating system and device information (mobile phone, tablet or has touch capabilities)."
category = "main"
optional = false
python-versions = "*"
files = [
    {file = "django-user_agents-0.3.2.tar.gz", hash = "sha256:72b1d8f10eebf88c6c04548668ca06c3d4392b1de79dd2a5cf3da7bc5f3027b6"},
    {file = "django_user_agents-0.3.2-py2-none-any.whl", hash = "sha256:c5d3d827ea86ed0971b7e344bf8f97ce46a41ccb3ab479c1aef12930bf6ac058"},
]

[package.dependencies]
django = "*"
user-agents = "*"

[[package]]
name = "djangorestframework"
version = "3.10.3"
description = "Web APIs for Django, made easy."
category = "main"
optional = false
python-versions = ">=3.5"
files = [
    {file = "djangorestframework-3.10.3-py3-none-any.whl", hash = "sha256:5488aed8f8df5ec1d70f04b2114abc52ae6729748a176c453313834a9ee179c8"},
    {file = "djangorestframework-3.10.3.tar.gz", hash = "sha256:dc81cbf9775c6898a580f6f1f387c4777d12bd87abf0f5406018d32ccae71090"},
]

[[package]]
name = "freezegun"
version = "0.3.12"
description = "Let your Python tests travel through time"
category = "dev"
optional = false
python-versions = ">=2.7, !=3.0.*, !=3.1.*, !=3.2.*, !=3.3.*"
files = [
    {file = "freezegun-0.3.12-py2.py3-none-any.whl", hash = "sha256:edfdf5bc6040969e6ed2e36eafe277963bdc8b7c01daeda96c5c8594576c9390"},
    {file = "freezegun-0.3.12.tar.gz", hash = "sha256:2a4d9c8cd3c04a201e20c313caf8b6338f1cfa4cda43f46a94cc4a9fd13ea5e7"},
]

[package.dependencies]
python-dateutil = ">=1.0,<2.0 || >2.0"
six = "*"

[[package]]
name = "importlib-metadata"
version = "0.23"
description = "Read metadata from Python packages"
category = "dev"
optional = false
python-versions = ">=2.7,!=3.0,!=3.1,!=3.2,!=3.3"
files = [
    {file = "importlib_metadata-0.23-py2.py3-none-any.whl", hash = "sha256:d5f18a79777f3aa179c145737780282e27b508fc8fd688cb17c7a813e8bd39af"},
    {file = "importlib_metadata-0.23.tar.gz", hash = "sha256:aa18d7378b00b40847790e7c27e11673d7fed219354109d0e7b9e5b25dc3ad26"},
]

[package.dependencies]
zipp = ">=0.5"

[package.extras]
docs = ["rst.linker", "sphinx"]
testing = ["importlib-resources", "packaging"]

[[package]]
name = "mock"
version = "1.3.0"
description = "Rolling backport of unittest.mock for all Pythons"
category = "dev"
optional = false
python-versions = "*"
files = [
    {file = "mock-1.3.0-py2.py3-none-any.whl", hash = "sha256:3f573a18be94de886d1191f27c168427ef693e8dcfcecf95b170577b2eb69cbb"},
    {file = "mock-1.3.0.tar.gz", hash = "sha256:1e247dbecc6ce057299eb7ee019ad68314bb93152e81d9a6110d35f4d5eca0f6"},
]

[package.dependencies]
pbr = ">=0.11"
six = ">=1.7"

[package.extras]
docs = ["Pygments (<2)", "jinja2 (<2.7)", "sphinx", "sphinx (<1.3)"]
test = ["unittest2 (>=1.1.0)"]

[[package]]
name = "more-itertools"
version = "7.2.0"
description = "More routines for operating on iterables, beyond itertools"
category = "dev"
optional = false
python-versions = ">=3.4"
files = [
    {file = "more-itertools-7.2.0.tar.gz", hash = "sha256:409cd48d4db7052af495b09dec721011634af3753ae1ef92d2b32f73a745f832"},
    {file = "more_itertools-7.2.0-py3-none-any.whl", hash = "sha256:92b8c4b06dac4f0611c0729b2f2ede52b2e1bac1ab48f089c7ddc12e26bb60c4"},
]

[[package]]
name = "packaging"
version = "19.2"
description = "Core utilities for Python packages"
category = "dev"
optional = false
python-versions = ">=2.7, !=3.0.*, !=3.1.*, !=3.2.*, !=3.3.*"
files = [
    {file = "packaging-19.2-py2.py3-none-any.whl", hash = "sha256:d9551545c6d761f3def1677baf08ab2a3ca17c56879e70fecba2fc4dde4ed108"},
    {file = "packaging-19.2.tar.gz", hash = "sha256:28b924174df7a2fa32c1953825ff29c61e2f5e082343165438812f00d3a7fc47"},
]

[package.dependencies]
pyparsing = ">=2.0.2"
six = "*"

[[package]]
name = "pbr"
version = "5.4.3"
description = "Python Build Reasonableness"
category = "dev"
optional = false
python-versions = "*"
files = [
    {file = "pbr-5.4.3-py2.py3-none-any.whl", hash = "sha256:b32c8ccaac7b1a20c0ce00ce317642e6cf231cf038f9875e0280e28af5bf7ac9"},
    {file = "pbr-5.4.3.tar.gz", hash = "sha256:2c8e420cd4ed4cec4e7999ee47409e876af575d4c35a45840d59e8b5f3155ab8"},
]

[[package]]
name = "pluggy"
version = "0.13.0"
description = "plugin and hook calling mechanisms for python"
category = "dev"
optional = false
python-versions = ">=2.7, !=3.0.*, !=3.1.*, !=3.2.*, !=3.3.*"
files = [
    {file = "pluggy-0.13.0-py2.py3-none-any.whl", hash = "sha256:0db4b7601aae1d35b4a033282da476845aa19185c1e6964b25cf324b5e4ec3e6"},
    {file = "pluggy-0.13.0.tar.gz", hash = "sha256:fa5fa1622fa6dd5c030e9cad086fa19ef6a0cf6d7a2d12318e10cb49d6d68f34"},
]

[package.dependencies]
importlib-metadata = {version = ">=0.12", markers = "python_version < \"3.8\""}

[package.extras]
dev = ["pre-commit", "tox"]

[[package]]
name = "py"
version = "1.8.0"
description = "library with cross-python path, ini-parsing, io, code, log facilities"
category = "dev"
optional = false
python-versions = ">=2.7, !=3.0.*, !=3.1.*, !=3.2.*, !=3.3.*"
files = [
    {file = "py-1.8.0-py2.py3-none-any.whl", hash = "sha256:64f65755aee5b381cea27766a3a147c3f15b9b6b9ac88676de66ba2ae36793fa"},
    {file = "py-1.8.0.tar.gz", hash = "sha256:dc639b046a6e2cff5bbe40194ad65936d6ba360b52b3c3fe1d08a82dd50b5e53"},
]

[[package]]
name = "pyparsing"
version = "2.4.2"
description = "Python parsing module"
category = "dev"
optional = false
python-versions = ">=2.6, !=3.0.*, !=3.1.*, !=3.2.*"
files = [
    {file = "pyparsing-2.4.2-py2.py3-none-any.whl", hash = "sha256:d9338df12903bbf5d65a0e4e87c2161968b10d2e489652bb47001d82a9b028b4"},
    {file = "pyparsing-2.4.2.tar.gz", hash = "sha256:6f98a7b9397e206d78cc01df10131398f1c8b8510a2f4d97d9abd82e1aacdd80"},
]

[[package]]
name = "pytest"
version = "5.2.0"
description = "pytest: simple powerful testing with Python"
category = "dev"
optional = false
python-versions = ">=3.5"
files = [
    {file = "pytest-5.2.0-py3-none-any.whl", hash = "sha256:13c1c9b22127a77fc684eee24791efafcef343335d855e3573791c68588fe1a5"},
    {file = "pytest-5.2.0.tar.gz", hash = "sha256:d8ba7be9466f55ef96ba203fc0f90d0cf212f2f927e69186e1353e30bc7f62e5"},
]

[package.dependencies]
atomicwrites = ">=1.0"
attrs = ">=17.4.0"
colorama = {version = "*", markers = "sys_platform == \"win32\""}
importlib-metadata = {version = ">=0.12", markers = "python_version < \"3.8\""}
more-itertools = ">=4.0.0"
packaging = "*"
pluggy = ">=0.12,<1.0"
py = ">=1.5.0"
wcwidth = "*"

[package.extras]
testing = ["argcomplete", "hypothesis (>=3.56)", "mock", "nose", "requests", "xmlschema"]

[[package]]
name = "pytest-django"
version = "3.5.1"
description = "A Django plugin for pytest."
category = "dev"
optional = false
python-versions = ">=2.7, !=3.0.*, !=3.1.*, !=3.2.*, !=3.3.*"
files = [
    {file = "pytest-django-3.5.1.tar.gz", hash = "sha256:264fb4c506db5d48a6364c311a0b00b7b48a52715bad8839b2d8bee9b99ed6bb"},
    {file = "pytest_django-3.5.1-py2.py3-none-any.whl", hash = "sha256:4adfe5fb3ed47f0ba55506dd3daf688b1f74d5e69148c10ad2dd2f79f40c0d62"},
]

[package.dependencies]
pytest = ">=3.6"

[package.extras]
docs = ["sphinx", "sphinx-rtd-theme"]
testing = ["Django", "django-configurations (>=2.0)", "six"]

[[package]]
name = "pytest-pythonpath"
version = "0.7.3"
description = "pytest plugin for adding to the PYTHONPATH from command line or configs."
category = "dev"
optional = false
python-versions = "*"
files = [
    {file = "pytest-pythonpath-0.7.3.tar.gz", hash = "sha256:63fc546ace7d2c845c1ee289e8f7a6362c2b6bae497d10c716e58e253e801d62"},
]

[package.dependencies]
pytest = ">=2.5.2"

[[package]]
name = "python-dateutil"
version = "2.8.0"
description = "Extensions to the standard Python datetime module"
category = "dev"
optional = false
python-versions = ">=2.7, !=3.0.*, !=3.1.*, !=3.2.*"
files = [
    {file = "python-dateutil-2.8.0.tar.gz", hash = "sha256:c89805f6f4d64db21ed966fda138f8a5ed7a4fdbc1a8ee329ce1b74e3c74da9e"},
    {file = "python_dateutil-2.8.0-py2.py3-none-any.whl", hash = "sha256:7e6584c74aeed623791615e26efd690f29817a27c73085b78e4bad02493df2fb"},
]

[package.dependencies]
six = ">=1.5"

[[package]]
name = "pytz"
version = "2019.2"
description = "World timezone definitions, modern and historical"
category = "main"
optional = false
python-versions = "*"
files = [
    {file = "pytz-2019.2-py2.py3-none-any.whl", hash = "sha256:c894d57500a4cd2d5c71114aaab77dbab5eabd9022308ce5ac9bb93a60a6f0c7"},
    {file = "pytz-2019.2.tar.gz", hash = "sha256:26c0b32e437e54a18161324a2fca3c4b9846b74a8dccddd843113109e1116b32"},
]

[[package]]
name = "six"
version = "1.12.0"
description = "Python 2 and 3 compatibility utilities"
category = "dev"
optional = false
python-versions = ">=2.6, !=3.0.*, !=3.1.*"
files = [
    {file = "six-1.12.0-py2.py3-none-any.whl", hash = "sha256:3350809f0555b11f552448330d0b52d5f24c91a322ea4a15ef22629740f3761c"},
    {file = "six-1.12.0.tar.gz", hash = "sha256:d16a0141ec1a18405cd4ce8b4613101da75da0e9a7aec5bdd4fa804d0e0eba73"},
]

[[package]]
name = "sqlparse"
version = "0.4.4"
description = "A non-validating SQL parser."
category = "main"
optional = false
python-versions = ">=3.5"
files = [
    {file = "sqlparse-0.4.4-py3-none-any.whl", hash = "sha256:5430a4fe2ac7d0f93e66f1efc6e1338a41884b7ddf2a350cedd20ccc4d9d28f3"},
    {file = "sqlparse-0.4.4.tar.gz", hash = "sha256:d446183e84b8349fa3061f0fe7f06ca94ba65b426946ffebe6e3e8295332420c"},
]

[package.extras]
dev = ["build", "flake8"]
doc = ["sphinx"]
test = ["pytest", "pytest-cov"]

[[package]]
name = "ua-parser"
version = "0.8.0"
description = "Python port of Browserscope's user agent parser"
category = "main"
optional = false
python-versions = "*"
files = [
    {file = "ua-parser-0.8.0.tar.gz", hash = "sha256:97bbcfc9321a3151d96bb5d62e54270247b0e3be0590a6f2ff12329851718dcb"},
    {file = "ua_parser-0.8.0-py2.py3-none-any.whl", hash = "sha256:3908c19ea0abdcdfe7245366dc03e5b4a8901ec17105bd66ba2ccbe3948dce8a"},
]

[[package]]
name = "user-agents"
version = "2.0"
description = "A library to identify devices (phones, tablets) and their capabilities by parsing (browser/HTTP) user agent strings"
category = "main"
optional = false
python-versions = "*"
files = [
    {file = "user-agents-2.0.tar.gz", hash = "sha256:792869b990a244f71efea1cb410ecaba99a270a64c5ac37d365bde5d70d6a2fa"},
    {file = "user_agents-2.0-py2-none-any.whl", hash = "sha256:7af7419d61ce8f72ad487cc77ea3b4d1dcaa4cbb7b6df533a7c7aa3ccc44e5b3"},
]

[package.dependencies]
ua-parser = ">=0.8.0"

[[package]]
name = "wcwidth"
version = "0.1.7"
description = "Measures number of Terminal column cells of wide-character codes"
category = "dev"
optional = false
python-versions = "*"
files = [
    {file = "wcwidth-0.1.7-py2.py3-none-any.whl", hash = "sha256:f4ebe71925af7b40a864553f761ed559b43544f8f71746c2d756c7fe788ade7c"},
    {file = "wcwidth-0.1.7.tar.gz", hash = "sha256:3df37372226d6e63e1b1e1eda15c594bca98a22d33a23832a90998faa96bc65e"},
]

[[package]]
name = "zipp"
version = "0.6.0"
description = "Backport of pathlib-compatible object wrapper for zip files"
category = "dev"
optional = false
python-versions = ">=2.7"
files = [
    {file = "zipp-0.6.0-py2.py3-none-any.whl", hash = "sha256:f06903e9f1f43b12d371004b4ac7b06ab39a44adc747266928ae6debfa7b3335"},
    {file = "zipp-0.6.0.tar.gz", hash = "sha256:3718b1cbcd963c7d4c5511a8240812904164b7f381b647143a89d3b98f9bcd8e"},
]

[package.dependencies]
more-itertools = "*"

[package.extras]
docs = ["jaraco.packaging (>=3.2)", "rst.linker (>=1.9)", "sphinx"]
testing = ["contextlib2", "pathlib2", "unittest2"]

[metadata]
lock-version = "2.0"
python-versions = "^3.6"
content-hash = "6a7cbbf3a5818e9387aedb9b9244736a522d362d1025bb115111c607ae9bf242"
